lockfileVersion: '9.0'

settings:
  autoInstallPeers: true
  excludeLinksFromLockfile: false

importers:

  .:
    dependencies:
      '@mdx-js/loader':
        specifier: ^3.1.1
        version: 3.1.1
      '@mdx-js/react':
        specifier: ^3.1.1
        version: 3.1.1(@types/react@19.2.7)(react@19.2.1)
      '@next/mdx':
        specifier: ^16.0.3
        version: 16.0.7(@mdx-js/loader@3.1.1)(@mdx-js/react@3.1.1(@types/react@19.2.7)(react@19.2.1))
      '@tailwindcss/typography':
        specifier: ^0.5.19
        version: 0.5.19(tailwindcss@4.1.17)
      '@types/mdx':
        specifier: ^2.0.13
        version: 2.0.13
      gray-matter:
        specifier: ^4.0.3
        version: 4.0.3
      next:
        specifier: 15.5.14
        version: 15.5.14(react-dom@19.2.1(react@19.2.1))(react@19.2.1)
      next-mdx-remote:
        specifier: ^6.0.0
        version: 6.0.0(@types/react@19.2.7)(react@19.2.1)
      prism-react-renderer:
        specifier: ^2.4.1
        version: 2.4.1(react@19.2.1)
      react:
        specifier: ^19.0.0
        version: 19.2.1
      react-dom:
        specifier: ^19.0.0
        version: 19.2.1(react@19.2.1)
      rehype-autolink-headings:
        specifier: ^7.1.0
        version: 7.1.0
      rehype-highlight:
        specifier: ^7.0.2
        version: 7.0.2
      rehype-slug:
        specifier: ^6.0.0
        version: 6.0.0
      remark-gfm:
        specifier: ^4.0.1
        version: 4.0.1
      sugar-high:
        specifier: ^0.9.5
        version: 0.9.5
    devDependencies:
      '@antfu/eslint-config':
        specifier: ^6.4.1
        version: 6.4.2(@next/eslint-plugin-next@16.0.7)(@vue/compiler-sfc@3.5.25)(eslint-plugin-format@2.0.1(eslint@9.39.1(jiti@2.6.1)))(eslint@9.39.1(jiti@2.6.1))(typescript@5.9.3)
      '@next/eslint-plugin-next':
        specifier: ^16.0.7
        version: 16.0.7
      '@tailwindcss/postcss':
        specifier: ^4
        version: 4.1.17
      '@testing-library/dom':
        specifier: ^10.4.1
        version: 10.4.1
      '@testing-library/jest-dom':
        specifier: ^6.6.3
        version: 6.6.3
      '@testing-library/react':
        specifier: ^16.3.0
        version: 16.3.0(react-dom@19.2.1(react@19.2.1))(react@19.2.1)
      '@types/jest':
        specifier: ^29.5.14
        version: 29.5.14
      '@types/node':
        specifier: ^25
        version: 25.6.0
      '@types/react':
        specifier: ^19
        version: 19.2.7
      '@types/react-dom':
        specifier: ^19
        version: 19.2.3(@types/react@19.2.7)
      eslint:
        specifier: ^9.39.1
        version: 9.39.1(jiti@2.6.1)
      eslint-plugin-format:
        specifier: ^2.0.1
        version: 2.0.1(eslint@9.39.1(jiti@2.6.1))
      husky:
        specifier: ^9.1.7
        version: 9.1.7
      jest:
        specifier: ^29.7.0
        version: 29.7.0
      jest-environment-jsdom:
        specifier: ^29.7.0
        version: 29.7.0
      lint-staged:
        specifier: ^16.2.7
        version: 16.2.7
      tailwindcss:
        specifier: ^4
        version: 4.1.17
      typescript:
        specifier: ^5
        version: 5.9.3

packages: {}
